
Microsoft Visual Studio Solution File, Format Version 12.00
# Visual Studio Version 17
VisualStudioVersion = 17.11.35312.102
MinimumVisualStudioVersion = 10.0.40219.1
Project("{9A19103F-16F7-4668-BE54-9A1E7A4F7556}") = "TuringMachineProject", "src\TouringMachine\TuringMachineProject.csproj", "{94654DF5-11B2-41B8-8205-4097F60A04C7}"
EndProject
Project("{FAE04EC0-301F-11D3-BF4B-00C04F79EFBC}") = "MultipleTapeMachine", "src\MultipleTapeMachine\MultipleTapeMachine.csproj", "{721AB72A-48CE-4E27-9F80-4EB666034979}"
EndProject
Global
	GlobalSection(SolutionConfigurationPlatforms) = preSolution
		Debug|Any CPU = Debug|Any CPU
		Release|Any CPU = Release|Any CPU
	EndGlobalSection
	GlobalSection(ProjectConfigurationPlatforms) = postSolution
		{94654DF5-11B2-41B8-8205-4097F60A04C7}.Debug|Any CPU.ActiveCfg = Debug|Any CPU
		{94654DF5-11B2-41B8-8205-4097F60A04C7}.Debug|Any CPU.Build.0 = Debug|Any CPU
		{94654DF5-11B2-41B8-8205-4097F60A04C7}.Release|Any CPU.ActiveCfg = Release|Any CPU
		{94654DF5-11B2-41B8-8205-4097F60A04C7}.Release|Any CPU.Build.0 = Release|Any CPU
		{721AB72A-48CE-4E27-9F80-4EB666034979}.Debug|Any CPU.ActiveCfg = Debug|Any CPU
		{721AB72A-48CE-4E27-9F80-4EB666034979}.Debug|Any CPU.Build.0 = Debug|Any CPU
		{721AB72A-48CE-4E27-9F80-4EB666034979}.Release|Any CPU.ActiveCfg = Release|Any CPU
		{721AB72A-48CE-4E27-9F80-4EB666034979}.Release|Any CPU.Build.0 = Release|Any CPU
	EndGlobalSection
	GlobalSection(SolutionProperties) = preSolution
		HideSolutionNode = FALSE
	EndGlobalSection
	GlobalSection(ExtensibilityGlobals) = postSolution
		SolutionGuid = {C85E1D3D-D111-4448-BFD3-364597AA0441}
	EndGlobalSection
EndGlobal
