
Microsoft Visual Studio Solution File, Format Version 12.00
# Visual Studio Version 17
VisualStudioVersion = 17.11.35312.102
MinimumVisualStudioVersion = 10.0.40219.1
Project("{9A19103F-16F7-4668-BE54-9A1E7A4F7556}") = "MultipleTapeMachine", "src\MultipleTapeMachine\MultipleTapeMachine.csproj", "{721AB72A-48CE-4E27-9F80-4EB666034979}"
EndProject
Project("{9A19103F-16F7-4668-BE54-9A1E7A4F7556}") = "TuringMachineProject", "src\TuringMachine\TuringMachineProject.csproj", "{C210E32B-971E-4D21-AF16-461BC9E481C1}"
EndProject
Project("{9A19103F-16F7-4668-BE54-9A1E7A4F7556}") = "TuringMachineCoding", "src\TuringMachineCoding\TuringMachineCoding.csproj", "{4C91148D-DFDA-4727-93E2-CE14930CD8DE}"
EndProject
Project("{9A19103F-16F7-4668-BE54-9A1E7A4F7556}") = "ResourceGraphTraversal", "src\ResourceGraphTraversal\ResourceGraphTraversal.csproj", "{729469B1-700A-4A95-B124-C767C72781CC}"
EndProject
Project("{9A19103F-16F7-4668-BE54-9A1E7A4F7556}") = "SkeletonOfTheChart", "src\SkeletonOfTheChart\SkeletonOfTheChart.csproj", "{F227679D-7777-4694-876D-F2C22EBE8AA4}"
EndProject
Project("{9A19103F-16F7-4668-BE54-9A1E7A4F7556}") = "Airport", "src\Airport\Airport.csproj", "{CE3BCC71-885C-47E1-901F-40E5C2A20C17}"
EndProject
Project("{9A19103F-16F7-4668-BE54-9A1E7A4F7556}") = "RamMachine", "src\RamMachine\RamMachine.csproj", "{6ED12B95-7B29-4A8E-9470-7FF01E61A69A}"
EndProject
Project("{9A19103F-16F7-4668-BE54-9A1E7A4F7556}") = "RamMachineTests", "tests\RamMachineTests\RamMachineTests.csproj", "{49299B7F-0796-4501-8A5D-033CF169B9DB}"
EndProject
Project("{FAE04EC0-301F-11D3-BF4B-00C04F79EFBC}") = "ClimbingStairs", "src\ClimbingStairs\ClimbingStairs.csproj", "{E6C08DF5-B356-4DE2-9A6F-9239517BA76E}"
EndProject
Global
	GlobalSection(SolutionConfigurationPlatforms) = preSolution
		Debug|Any CPU = Debug|Any CPU
		Release|Any CPU = Release|Any CPU
	EndGlobalSection
	GlobalSection(ProjectConfigurationPlatforms) = postSolution
		{721AB72A-48CE-4E27-9F80-4EB666034979}.Debug|Any CPU.ActiveCfg = Debug|Any CPU
		{721AB72A-48CE-4E27-9F80-4EB666034979}.Debug|Any CPU.Build.0 = Debug|Any CPU
		{721AB72A-48CE-4E27-9F80-4EB666034979}.Release|Any CPU.ActiveCfg = Release|Any CPU
		{721AB72A-48CE-4E27-9F80-4EB666034979}.Release|Any CPU.Build.0 = Release|Any CPU
		{C210E32B-971E-4D21-AF16-461BC9E481C1}.Debug|Any CPU.ActiveCfg = Debug|Any CPU
		{C210E32B-971E-4D21-AF16-461BC9E481C1}.Debug|Any CPU.Build.0 = Debug|Any CPU
		{C210E32B-971E-4D21-AF16-461BC9E481C1}.Release|Any CPU.ActiveCfg = Release|Any CPU
		{C210E32B-971E-4D21-AF16-461BC9E481C1}.Release|Any CPU.Build.0 = Release|Any CPU
		{4C91148D-DFDA-4727-93E2-CE14930CD8DE}.Debug|Any CPU.ActiveCfg = Debug|Any CPU
		{4C91148D-DFDA-4727-93E2-CE14930CD8DE}.Debug|Any CPU.Build.0 = Debug|Any CPU
		{4C91148D-DFDA-4727-93E2-CE14930CD8DE}.Release|Any CPU.ActiveCfg = Release|Any CPU
		{4C91148D-DFDA-4727-93E2-CE14930CD8DE}.Release|Any CPU.Build.0 = Release|Any CPU
		{729469B1-700A-4A95-B124-C767C72781CC}.Debug|Any CPU.ActiveCfg = Debug|Any CPU
		{729469B1-700A-4A95-B124-C767C72781CC}.Debug|Any CPU.Build.0 = Debug|Any CPU
		{729469B1-700A-4A95-B124-C767C72781CC}.Release|Any CPU.ActiveCfg = Release|Any CPU
		{729469B1-700A-4A95-B124-C767C72781CC}.Release|Any CPU.Build.0 = Release|Any CPU
		{F227679D-7777-4694-876D-F2C22EBE8AA4}.Debug|Any CPU.ActiveCfg = Debug|Any CPU
		{F227679D-7777-4694-876D-F2C22EBE8AA4}.Debug|Any CPU.Build.0 = Debug|Any CPU
		{F227679D-7777-4694-876D-F2C22EBE8AA4}.Release|Any CPU.ActiveCfg = Release|Any CPU
		{F227679D-7777-4694-876D-F2C22EBE8AA4}.Release|Any CPU.Build.0 = Release|Any CPU
		{CE3BCC71-885C-47E1-901F-40E5C2A20C17}.Debug|Any CPU.ActiveCfg = Debug|Any CPU
		{CE3BCC71-885C-47E1-901F-40E5C2A20C17}.Debug|Any CPU.Build.0 = Debug|Any CPU
		{CE3BCC71-885C-47E1-901F-40E5C2A20C17}.Release|Any CPU.ActiveCfg = Release|Any CPU
		{CE3BCC71-885C-47E1-901F-40E5C2A20C17}.Release|Any CPU.Build.0 = Release|Any CPU
		{6ED12B95-7B29-4A8E-9470-7FF01E61A69A}.Debug|Any CPU.ActiveCfg = Debug|Any CPU
		{6ED12B95-7B29-4A8E-9470-7FF01E61A69A}.Debug|Any CPU.Build.0 = Debug|Any CPU
		{6ED12B95-7B29-4A8E-9470-7FF01E61A69A}.Release|Any CPU.ActiveCfg = Release|Any CPU
		{6ED12B95-7B29-4A8E-9470-7FF01E61A69A}.Release|Any CPU.Build.0 = Release|Any CPU
		{49299B7F-0796-4501-8A5D-033CF169B9DB}.Debug|Any CPU.ActiveCfg = Debug|Any CPU
		{49299B7F-0796-4501-8A5D-033CF169B9DB}.Debug|Any CPU.Build.0 = Debug|Any CPU
		{49299B7F-0796-4501-8A5D-033CF169B9DB}.Release|Any CPU.ActiveCfg = Release|Any CPU
		{49299B7F-0796-4501-8A5D-033CF169B9DB}.Release|Any CPU.Build.0 = Release|Any CPU
		{E6C08DF5-B356-4DE2-9A6F-9239517BA76E}.Debug|Any CPU.ActiveCfg = Debug|Any CPU
		{E6C08DF5-B356-4DE2-9A6F-9239517BA76E}.Debug|Any CPU.Build.0 = Debug|Any CPU
		{E6C08DF5-B356-4DE2-9A6F-9239517BA76E}.Release|Any CPU.ActiveCfg = Release|Any CPU
		{E6C08DF5-B356-4DE2-9A6F-9239517BA76E}.Release|Any CPU.Build.0 = Release|Any CPU
	EndGlobalSection
	GlobalSection(SolutionProperties) = preSolution
		HideSolutionNode = FALSE
	EndGlobalSection
	GlobalSection(ExtensibilityGlobals) = postSolution
		SolutionGuid = {C85E1D3D-D111-4448-BFD3-364597AA0441}
	EndGlobalSection
EndGlobal
